{
  "name": "ShopApp",
  "lockfileVersion": 3,
  "requires": true,
  "packages": {
    "": {
      "dependencies": {
        "@ckeditor/ckeditor5-build-classic": "*"
      }
    },
    "ode_modules/@ckeditor/ckeditor5-adapter-ckfinder": {
      "version": "39.0.1",
      "resolved": "https://registry.npmjs.org/@ckeditor/ckeditor5-adapter-ckfinder/-/ckeditor5-adapter-ckfinder-39.0.1.tgz",
      "integrity": "sha512-0pIL/EOO+u7O79H+OA0IXXnFjlishihnlKVpuc62OCYeRapukTN0yok9za2IF+DmL6SS8DOLeEgmpgaX2JLYtg==",
      "extraneous": true,
      "dependencies": {
        "ckeditor5": "39.0.1"
      },
      "engines": {
        "node": ">=16.0.0",
        "npm": ">=5.7.1"
      }
    },
    "ode_modules/@ckeditor/ckeditor5-autoformat": {
      "version": "39.0.1",
      "resolved": "https://registry.npmjs.org/@ckeditor/ckeditor5-autoformat/-/ckeditor5-autoformat-39.0.1.tgz",
      "integrity": "sha512-bPmZU0kRUUXEMR+MoiDuPB5N5gsDWnTweFZqU/J8pGbhIBmgFU0ZfWLOamnWSJA88O4GZ+9S8JoRYN712maZBA==",
      "extraneous": true,
      "dependencies": {
        "ckeditor5": "39.0.1"
      },
      "engines": {
        "node": ">=16.0.0",
        "npm": ">=5.7.1"
      }
    },
    "ode_modules/@ckeditor/ckeditor5-basic-styles": {
      "version": "39.0.1",
      "resolved": "https://registry.npmjs.org/@ckeditor/ckeditor5-basic-styles/-/ckeditor5-basic-styles-39.0.1.tgz",
      "integrity": "sha512-jzNWzxleR+/RNLxgHykVm7MfV/vVlopDJiJNJwV18N8I1CiYcQAyu7iTydmk9vfeYf/kXcrAcyacZj+XqfZU6Q==",
      "extraneous": true,
      "dependencies": {
        "ckeditor5": "39.0.1"
      },
      "engines": {
        "node": ">=16.0.0",
        "npm": ">=5.7.1"
      }
    },
    "ode_modules/@ckeditor/ckeditor5-block-quote": {
      "version": "39.0.1",
      "resolved": "https://registry.npmjs.org/@ckeditor/ckeditor5-block-quote/-/ckeditor5-block-quote-39.0.1.tgz",
      "integrity": "sha512-0nJid5HWtBPHn/S8T2gdMNrfsNx99d+mHF55GAGQk/IeaEY0YJofaZXhmOWr5vYerAz+sH+ek9d6BP9Tbo190g==",
      "extraneous": true,
      "dependencies": {
        "ckeditor5": "39.0.1"
      },
      "engines": {
        "node": ">=16.0.0",
        "npm": ">=5.7.1"
      }
    },
    "ode_modules/@ckeditor/ckeditor5-build-classic": {
      "version": "39.0.1",
      "resolved": "https://registry.npmjs.org/@ckeditor/ckeditor5-build-classic/-/ckeditor5-build-classic-39.0.1.tgz",
      "integrity": "sha512-/d9WGHlMEPymXToxnUldn7DGJp22UCH3f7CbFVMp9w5F+gt4q9eT9kX/1RNEEv6Rdeen1YEJCmh3ESLtDRHUTQ==",
      "extraneous": true,
      "dependencies": {
        "@ckeditor/ckeditor5-adapter-ckfinder": "39.0.1",
        "@ckeditor/ckeditor5-autoformat": "39.0.1",
        "@ckeditor/ckeditor5-basic-styles": "39.0.1",
        "@ckeditor/ckeditor5-block-quote": "39.0.1",
        "@ckeditor/ckeditor5-ckbox": "39.0.1",
        "@ckeditor/ckeditor5-ckfinder": "39.0.1",
        "@ckeditor/ckeditor5-cloud-services": "39.0.1",
        "@ckeditor/ckeditor5-easy-image": "39.0.1",
        "@ckeditor/ckeditor5-editor-classic": "39.0.1",
        "@ckeditor/ckeditor5-essentials": "39.0.1",
        "@ckeditor/ckeditor5-heading": "39.0.1",
        "@ckeditor/ckeditor5-image": "39.0.1",
        "@ckeditor/ckeditor5-indent": "39.0.1",
        "@ckeditor/ckeditor5-link": "39.0.1",
        "@ckeditor/ckeditor5-list": "39.0.1",
        "@ckeditor/ckeditor5-media-embed": "39.0.1",
        "@ckeditor/ckeditor5-paragraph": "39.0.1",
        "@ckeditor/ckeditor5-paste-from-office": "39.0.1",
        "@ckeditor/ckeditor5-table": "39.0.1",
        "@ckeditor/ckeditor5-typing": "39.0.1"
      },
      "engines": {
        "node": ">=16.0.0",
        "npm": ">=5.7.1"
      }
    },
    "ode_modules/@ckeditor/ckeditor5-ckbox": {
      "version": "39.0.1",
      "resolved": "https://registry.npmjs.org/@ckeditor/ckeditor5-ckbox/-/ckeditor5-ckbox-39.0.1.tgz",
      "integrity": "sha512-XpzPnU6MDuknNR6BupYkStzPdz68pHMZJ5yfttOLzJqaFl/isj1TOA2k+5pAo/7/pqXMQhKvIUQK04xbeSr2yA==",
      "extraneous": true,
      "dependencies": {
        "ckeditor5": "39.0.1"
      },
      "engines": {
        "node": ">=16.0.0",
        "npm": ">=5.7.1"
      }
    },
    "ode_modules/@ckeditor/ckeditor5-ckfinder": {
      "version": "39.0.1",
      "resolved": "https://registry.npmjs.org/@ckeditor/ckeditor5-ckfinder/-/ckeditor5-ckfinder-39.0.1.tgz",
      "integrity": "sha512-quk3bdw4hZP7OOiV8UwwEZkH/NAPyfTg4msAoZLVH7M0/NlWp0r/36x+Pw7G1bt/LYw2RqHfjLI/zhx7ZOL7Zw==",
      "extraneous": true,
      "dependencies": {
        "ckeditor5": "39.0.1"
      },
      "engines": {
        "node": ">=16.0.0",
        "npm": ">=5.7.1"
      }
    },
    "ode_modules/@ckeditor/ckeditor5-clipboard": {
      "version": "39.0.1",
      "resolved": "https://registry.npmjs.org/@ckeditor/ckeditor5-clipboard/-/ckeditor5-clipboard-39.0.1.tgz",
      "integrity": "sha512-OIlIvsiz6YTZM8o1Y1zG9eW9rUx06Bs3rMbMv37kNN1vq145D9h0OQt0iPKw1eXAG387Sk+SWZhO+Um+/O3eGw==",
      "extraneous": true,
      "dependencies": {
        "@ckeditor/ckeditor5-core": "39.0.1",
        "@ckeditor/ckeditor5-engine": "39.0.1",
        "@ckeditor/ckeditor5-ui": "39.0.1",
        "@ckeditor/ckeditor5-utils": "39.0.1",
        "@ckeditor/ckeditor5-widget": "39.0.1",
        "lodash-es": "4.17.21"
      },
      "engines": {
        "node": ">=16.0.0",
        "npm": ">=5.7.1"
      }
    },
    "ode_modules/@ckeditor/ckeditor5-cloud-services": {
      "version": "39.0.1",
      "resolved": "https://registry.npmjs.org/@ckeditor/ckeditor5-cloud-services/-/ckeditor5-cloud-services-39.0.1.tgz",
      "integrity": "sha512-rmjYzCxjaHz45InWJEEDbYKbmmPBYKUGEvaVr2z6f1NJ2jZ6RoMQ1VZN4IeX1fLYWyGmp6b5gdua5cNK1EXy4A==",
      "extraneous": true,
      "dependencies": {
        "ckeditor5": "39.0.1"
      },
      "engines": {
        "node": ">=16.0.0",
        "npm": ">=5.7.1"
      }
    },
    "ode_modules/@ckeditor/ckeditor5-core": {
      "version": "39.0.1",
      "resolved": "https://registry.npmjs.org/@ckeditor/ckeditor5-core/-/ckeditor5-core-39.0.1.tgz",
      "integrity": "sha512-3hva3sRdDS2TLDhQNKgnJmpdXhuaod5tooDI/vnaiK+kduqy3nPuWI0qHtFpMhe7dlQWPZSI9ZhS/7cfFQ4CUg==",
      "extraneous": true,
      "dependencies": {
        "@ckeditor/ckeditor5-engine": "39.0.1",
        "@ckeditor/ckeditor5-utils": "39.0.1",
        "lodash-es": "4.17.21"
      },
      "engines": {
        "node": ">=16.0.0",
        "npm": ">=5.7.1"
      }
    },
    "ode_modules/@ckeditor/ckeditor5-easy-image": {
      "version": "39.0.1",
      "resolved": "https://registry.npmjs.org/@ckeditor/ckeditor5-easy-image/-/ckeditor5-easy-image-39.0.1.tgz",
      "integrity": "sha512-kzxE73/GFLWVZZGbAW9avjnAvRG1aYnIIot0E66uK7afe7WTnyQCvMzXmzqsXyTFT/AI4sBXNMVZoC3GvCeMxQ==",
      "extraneous": true,
      "dependencies": {
        "ckeditor5": "39.0.1"
      },
      "engines": {
        "node": ">=16.0.0",
        "npm": ">=5.7.1"
      }
    },
    "ode_modules/@ckeditor/ckeditor5-editor-classic": {
      "version": "39.0.1",
      "resolved": "https://registry.npmjs.org/@ckeditor/ckeditor5-editor-classic/-/ckeditor5-editor-classic-39.0.1.tgz",
      "integrity": "sha512-d+mQk8MbL/lymnq+4MhWQm4eMBJ5JOKo8gOyFHNCkGvKKNpwHqjs2zmzdelNMTkXXQtCsevNJSLbRcV+XXwlqg==",
      "extraneous": true,
      "dependencies": {
        "ckeditor5": "39.0.1",
        "lodash-es": "4.17.21"
      },
      "engines": {
        "node": ">=16.0.0",
        "npm": ">=5.7.1"
      }
    },
    "ode_modules/@ckeditor/ckeditor5-engine": {
      "version": "39.0.1",
      "resolved": "https://registry.npmjs.org/@ckeditor/ckeditor5-engine/-/ckeditor5-engine-39.0.1.tgz",
      "integrity": "sha512-QWyx1vO7+UO3rVIx9o1M7q05ghu1T+E4ugnzlcjLx+TiRLBH280M5RmxZ5gE8HjTSIabGDK1M0kmskL+wl2nDw==",
      "extraneous": true,
      "dependencies": {
        "@ckeditor/ckeditor5-utils": "39.0.1",
        "lodash-es": "4.17.21"
      },
      "engines": {
        "node": ">=16.0.0",
        "npm": ">=5.7.1"
      }
    },
    "ode_modules/@ckeditor/ckeditor5-enter": {
      "version": "39.0.1",
      "resolved": "https://registry.npmjs.org/@ckeditor/ckeditor5-enter/-/ckeditor5-enter-39.0.1.tgz",
      "integrity": "sha512-4gF0CFbEgZowQGmcyKP9KKBKOk67bdQIP5y71QvDgP6rUdbOQ5NDAS3FKis6a2Aubhtg92BO4QC6tZADPiW3hA==",
      "extraneous": true,
      "dependencies": {
        "@ckeditor/ckeditor5-core": "39.0.1",
        "@ckeditor/ckeditor5-engine": "39.0.1",
        "@ckeditor/ckeditor5-utils": "39.0.1"
      },
      "engines": {
        "node": ">=16.0.0",
        "npm": ">=5.7.1"
      }
    },
    "ode_modules/@ckeditor/ckeditor5-essentials": {
      "version": "39.0.1",
      "resolved": "https://registry.npmjs.org/@ckeditor/ckeditor5-essentials/-/ckeditor5-essentials-39.0.1.tgz",
      "integrity": "sha512-91YQ7x48LCsbezyji1QxCSUAMPH3aAq6vKgjblujvePQfcssesgBg/j7SDUOfH307bpgqQVTTxuPKHdjdWq7DA==",
      "extraneous": true,
      "dependencies": {
        "ckeditor5": "39.0.1"
      },
      "engines": {
        "node": ">=16.0.0",
        "npm": ">=5.7.1"
      }
    },
    "ode_modules/@ckeditor/ckeditor5-heading": {
      "version": "39.0.1",
      "resolved": "https://registry.npmjs.org/@ckeditor/ckeditor5-heading/-/ckeditor5-heading-39.0.1.tgz",
      "integrity": "sha512-Ego+eKIUJcEImDMae4on1SsCZZGwsTnOXZYoCb4TxGWjF6gJbtNytE2bn6O3Vj6PNcQDW0rPEtf/o6T0GMQzMQ==",
      "extraneous": true,
      "dependencies": {
        "ckeditor5": "39.0.1"
      },
      "engines": {
        "node": ">=16.0.0",
        "npm": ">=5.7.1"
      }
    },
    "ode_modules/@ckeditor/ckeditor5-image": {
      "version": "39.0.1",
      "resolved": "https://registry.npmjs.org/@ckeditor/ckeditor5-image/-/ckeditor5-image-39.0.1.tgz",
      "integrity": "sha512-7GmzgsWQZrbAXvvfD/qXBoZEd5vaxsPTXfZldL6Z99T67s8be06N+8jfvzSrQhEv/2NT5OWRQJoIi5r0OJSaOA==",
      "extraneous": true,
      "dependencies": {
        "@ckeditor/ckeditor5-ui": "39.0.1",
        "ckeditor5": "39.0.1",
        "lodash-es": "4.17.21"
      },
      "engines": {
        "node": ">=16.0.0",
        "npm": ">=5.7.1"
      }
    },
    "ode_modules/@ckeditor/ckeditor5-indent": {
      "version": "39.0.1",
      "resolved": "https://registry.npmjs.org/@ckeditor/ckeditor5-indent/-/ckeditor5-indent-39.0.1.tgz",
      "integrity": "sha512-XDG1G2r0adr/mv24cjnyKbiKrY9eiHDTDRVeDFRz8CqX1GgCaNz5thJxkYb5PdWsCW+6Zek6iu2PIRWJ3TAY2Q==",
      "extraneous": true,
      "dependencies": {
        "ckeditor5": "39.0.1"
      },
      "engines": {
        "node": ">=16.0.0",
        "npm": ">=5.7.1"
      }
    },
    "ode_modules/@ckeditor/ckeditor5-link": {
      "version": "39.0.1",
      "resolved": "https://registry.npmjs.org/@ckeditor/ckeditor5-link/-/ckeditor5-link-39.0.1.tgz",
      "integrity": "sha512-P9ZO7JihRhVUKyvE0rcBjEwlN4ZKFpBCeWimL5yM05L047FNb5yXQecmQfMDDpgYQl3Ggsm07QuWo/uG/0j/mQ==",
      "extraneous": true,
      "dependencies": {
        "@ckeditor/ckeditor5-ui": "39.0.1",
        "ckeditor5": "39.0.1",
        "lodash-es": "4.17.21"
      },
      "engines": {
        "node": ">=16.0.0",
        "npm": ">=5.7.1"
      }
    },
    "ode_modules/@ckeditor/ckeditor5-list": {
      "version": "39.0.1",
      "resolved": "https://registry.npmjs.org/@ckeditor/ckeditor5-list/-/ckeditor5-list-39.0.1.tgz",
      "integrity": "sha512-LwTWtTIrWZl0GBM1mPPrSrMV8/F2772Ef0yKHO2Dozy9AlhSiEunmLd9Y+3fHCQZJBPhAD2Km1NsRKCQd9UhsQ==",
      "extraneous": true,
      "dependencies": {
        "@ckeditor/ckeditor5-ui": "39.0.1",
        "ckeditor5": "39.0.1"
      },
      "engines": {
        "node": ">=16.0.0",
        "npm": ">=5.7.1"
      }
    },
    "ode_modules/@ckeditor/ckeditor5-media-embed": {
      "version": "39.0.1",
      "resolved": "https://registry.npmjs.org/@ckeditor/ckeditor5-media-embed/-/ckeditor5-media-embed-39.0.1.tgz",
      "integrity": "sha512-nTluv2Yuq/FyP/17SpHlRCR/F/sDrSa7RIAcZ6o7wwFM5vcEb/OIf2ysESi405oGnI3NIt5MdPBJVVpjA78x+A==",
      "extraneous": true,
      "dependencies": {
        "@ckeditor/ckeditor5-ui": "39.0.1",
        "ckeditor5": "39.0.1"
      },
      "engines": {
        "node": ">=16.0.0",
        "npm": ">=5.7.1"
      }
    },
    "ode_modules/@ckeditor/ckeditor5-paragraph": {
      "version": "39.0.1",
      "resolved": "https://registry.npmjs.org/@ckeditor/ckeditor5-paragraph/-/ckeditor5-paragraph-39.0.1.tgz",
      "integrity": "sha512-zKYtpka2X8uR6bTiCXecwl86XKQ8ngk7Hm3UkmptDSfBDOp9PpFCeA3i8m1soFvT2OcdxQYbuAcd9TwoV/HY0g==",
      "extraneous": true,
      "dependencies": {
        "@ckeditor/ckeditor5-core": "39.0.1",
        "@ckeditor/ckeditor5-ui": "39.0.1",
        "@ckeditor/ckeditor5-utils": "39.0.1"
      },
      "engines": {
        "node": ">=16.0.0",
        "npm": ">=5.7.1"
      }
    },
    "ode_modules/@ckeditor/ckeditor5-paste-from-office": {
      "version": "39.0.1",
      "resolved": "https://registry.npmjs.org/@ckeditor/ckeditor5-paste-from-office/-/ckeditor5-paste-from-office-39.0.1.tgz",
      "integrity": "sha512-KZ/CVViMyHTpNlgORngcDinpheuV+Vp3Wl9afgjvVyBE0vtJPh6mDd+6uxMgC1oZN76FfIze03HJoAMyabGQpA==",
      "extraneous": true,
      "dependencies": {
        "ckeditor5": "39.0.1"
      },
      "engines": {
        "node": ">=16.0.0",
        "npm": ">=5.7.1"
      }
    },
    "ode_modules/@ckeditor/ckeditor5-select-all": {
      "version": "39.0.1",
      "resolved": "https://registry.npmjs.org/@ckeditor/ckeditor5-select-all/-/ckeditor5-select-all-39.0.1.tgz",
      "integrity": "sha512-Q4BwezfYmZEwODecoxXc2+2UNUkx/Gu5n7jZH/2kKNBVFwb3iVIun9tj5Q1+093FKjmLA46maYsG5HIG6eArTg==",
      "extraneous": true,
      "dependencies": {
        "@ckeditor/ckeditor5-core": "39.0.1",
        "@ckeditor/ckeditor5-ui": "39.0.1",
        "@ckeditor/ckeditor5-utils": "39.0.1"
      },
      "engines": {
        "node": ">=16.0.0",
        "npm": ">=5.7.1"
      }
    },
    "ode_modules/@ckeditor/ckeditor5-table": {
      "version": "39.0.1",
      "resolved": "https://registry.npmjs.org/@ckeditor/ckeditor5-table/-/ckeditor5-table-39.0.1.tgz",
      "integrity": "sha512-4q4nU36fM6G5zpHrtCPu5LJSmHBs9Bh7g41/rlLHljx6xIs0Ke66CIWizUP3iIce3G0lTVwqAyUTE6GsqJRmmA==",
      "extraneous": true,
      "dependencies": {
        "ckeditor5": "39.0.1",
        "lodash-es": "4.17.21"
      },
      "engines": {
        "node": ">=16.0.0",
        "npm": ">=5.7.1"
      }
    },
    "ode_modules/@ckeditor/ckeditor5-typing": {
      "version": "39.0.1",
      "resolved": "https://registry.npmjs.org/@ckeditor/ckeditor5-typing/-/ckeditor5-typing-39.0.1.tgz",
      "integrity": "sha512-bfMGH3IKj8LdhzfMpfOFUlnCPkpGQhl1HN2oF2g7EViOfuDKM4A2GboUIEqRP2C3tkwtHK5zM55Rdbd71DAQPQ==",
      "extraneous": true,
      "dependencies": {
        "@ckeditor/ckeditor5-core": "39.0.1",
        "@ckeditor/ckeditor5-engine": "39.0.1",
        "@ckeditor/ckeditor5-utils": "39.0.1",
        "lodash-es": "4.17.21"
      },
      "engines": {
        "node": ">=16.0.0",
        "npm": ">=5.7.1"
      }
    },
    "ode_modules/@ckeditor/ckeditor5-ui": {
      "version": "39.0.1",
      "resolved": "https://registry.npmjs.org/@ckeditor/ckeditor5-ui/-/ckeditor5-ui-39.0.1.tgz",
      "integrity": "sha512-6mBZNfMVSjyNb3HHyjJFwrR2rvmTuH1JSc+ebuulw5knYQmDaeCaS4tiYmOVcGGz/WcrAYRQAtSGrfZmuLesMQ==",
      "extraneous": true,
      "dependencies": {
        "@ckeditor/ckeditor5-core": "39.0.1",
        "@ckeditor/ckeditor5-utils": "39.0.1",
        "color-convert": "2.0.1",
        "color-parse": "1.4.2",
        "lodash-es": "4.17.21",
        "vanilla-colorful": "0.7.2"
      },
      "engines": {
        "node": ">=16.0.0",
        "npm": ">=5.7.1"
      }
    },
    "ode_modules/@ckeditor/ckeditor5-undo": {
      "version": "39.0.1",
      "resolved": "https://registry.npmjs.org/@ckeditor/ckeditor5-undo/-/ckeditor5-undo-39.0.1.tgz",
      "integrity": "sha512-fgI5zNylzuiT2EitHm9ZVaAXB27JxOmONe51tSe9aUQoUkFLHau0HJfTNpKgHQTEPXMxhUPzH09xvj7QEc94Pg==",
      "extraneous": true,
      "dependencies": {
        "@ckeditor/ckeditor5-core": "39.0.1",
        "@ckeditor/ckeditor5-engine": "39.0.1",
        "@ckeditor/ckeditor5-ui": "39.0.1"
      },
      "engines": {
        "node": ">=16.0.0",
        "npm": ">=5.7.1"
      }
    },
    "ode_modules/@ckeditor/ckeditor5-upload": {
      "version": "39.0.1",
      "resolved": "https://registry.npmjs.org/@ckeditor/ckeditor5-upload/-/ckeditor5-upload-39.0.1.tgz",
      "integrity": "sha512-VVVWErIHRnw5kw00t8OYLxHDgSE1ywtoy/Zih0GJVxe882jIfajPj7KdZUjylfZuPeQnp1kAIpoe+WX3scvxFQ==",
      "extraneous": true,
      "dependencies": {
        "@ckeditor/ckeditor5-core": "39.0.1",
        "@ckeditor/ckeditor5-ui": "39.0.1",
        "@ckeditor/ckeditor5-utils": "39.0.1"
      },
      "engines": {
        "node": ">=16.0.0",
        "npm": ">=5.7.1"
      }
    },
    "ode_modules/@ckeditor/ckeditor5-utils": {
      "version": "39.0.1",
      "resolved": "https://registry.npmjs.org/@ckeditor/ckeditor5-utils/-/ckeditor5-utils-39.0.1.tgz",
      "integrity": "sha512-lQ+1h4FgUScEdk547uCzfdvajFigVt4u0mRw1m9TtJ3B2GiatwRvst8TZEuWl8aFrIHjQ/gho66QIElJi/6+CA==",
      "extraneous": true,
      "dependencies": {
        "lodash-es": "4.17.21"
      },
      "engines": {
        "node": ">=16.0.0",
        "npm": ">=5.7.1"
      }
    },
    "ode_modules/@ckeditor/ckeditor5-watchdog": {
      "version": "39.0.1",
      "resolved": "https://registry.npmjs.org/@ckeditor/ckeditor5-watchdog/-/ckeditor5-watchdog-39.0.1.tgz",
      "integrity": "sha512-f5Uo0RdcbeKGs0gmBm8Y8c+Z9YgcjqX7ai4vdcw8HIEc0vCeEanPt816V53nLZ3LbPgez8LeWluR7VlzoxKO+g==",
      "extraneous": true,
      "dependencies": {
        "lodash-es": "4.17.21"
      },
      "engines": {
        "node": ">=16.0.0",
        "npm": ">=5.7.1"
      }
    },
    "ode_modules/@ckeditor/ckeditor5-widget": {
      "version": "39.0.1",
      "resolved": "https://registry.npmjs.org/@ckeditor/ckeditor5-widget/-/ckeditor5-widget-39.0.1.tgz",
      "integrity": "sha512-rd4ojJcdZQJttrrDogycDa+sb/rtKu9sU7G0+QEoJZXD25WjxIEgjyOoIqfv2UZZrZDX/0u8dviGhPbcbQEEnw==",
      "extraneous": true,
      "dependencies": {
        "@ckeditor/ckeditor5-core": "39.0.1",
        "@ckeditor/ckeditor5-engine": "39.0.1",
        "@ckeditor/ckeditor5-enter": "39.0.1",
        "@ckeditor/ckeditor5-typing": "39.0.1",
        "@ckeditor/ckeditor5-ui": "39.0.1",
        "@ckeditor/ckeditor5-utils": "39.0.1",
        "lodash-es": "4.17.21"
      },
      "engines": {
        "node": ">=16.0.0",
        "npm": ">=5.7.1"
      }
    },
    "ode_modules/ckeditor5": {
      "version": "39.0.1",
      "resolved": "https://registry.npmjs.org/ckeditor5/-/ckeditor5-39.0.1.tgz",
      "integrity": "sha512-KU6P0U9HQdsj7YBNZyG72ii+LNjIuWqxwdhlcd+QN11urQSDzoC6OjnqtDZ2Q3dQvwYf2aN9kDwUA9ElQ1krIg==",
      "extraneous": true,
      "dependencies": {
        "@ckeditor/ckeditor5-clipboard": "39.0.1",
        "@ckeditor/ckeditor5-core": "39.0.1",
        "@ckeditor/ckeditor5-engine": "39.0.1",
        "@ckeditor/ckeditor5-enter": "39.0.1",
        "@ckeditor/ckeditor5-paragraph": "39.0.1",
        "@ckeditor/ckeditor5-select-all": "39.0.1",
        "@ckeditor/ckeditor5-typing": "39.0.1",
        "@ckeditor/ckeditor5-ui": "39.0.1",
        "@ckeditor/ckeditor5-undo": "39.0.1",
        "@ckeditor/ckeditor5-upload": "39.0.1",
        "@ckeditor/ckeditor5-utils": "39.0.1",
        "@ckeditor/ckeditor5-watchdog": "39.0.1",
        "@ckeditor/ckeditor5-widget": "39.0.1"
      },
      "engines": {
        "node": ">=16.0.0",
        "npm": ">=5.7.1"
      }
    },
    "ode_modules/color-convert": {
      "version": "2.0.1",
      "resolved": "https://registry.npmjs.org/color-convert/-/color-convert-2.0.1.tgz",
      "integrity": "sha512-RRECPsj7iu/xb5oKYcsFHSppFNnsj/52OVTRKb4zP5onXwVF3zVmmToNcOfGC+CRDpfK/U584fMg38ZHCaElKQ==",
      "extraneous": true,
      "dependencies": {
        "color-name": "~1.1.4"
      },
      "devDependencies": {
        "chalk": "^2.4.2",
        "xo": "^0.24.0"
      },
      "engines": {
        "node": ">=7.0.0"
      }
    },
    "ode_modules/color-name": {
      "version": "1.1.4",
      "resolved": "https://registry.npmjs.org/color-name/-/color-name-1.1.4.tgz",
      "integrity": "sha512-dOy+3AuW3a2wNbZHIuMZpTcgjGuLU/uBL/ubcZF9OXbDo8ff4O8yVp5Bf0efS8uEoYo5q4Fx7dY9OgQGXgAsQA==",
      "extraneous": true
    },
    "ode_modules/color-parse": {
      "version": "1.4.2",
      "resolved": "https://registry.npmjs.org/color-parse/-/color-parse-1.4.2.tgz",
      "integrity": "sha512-RI7s49/8yqDj3fECFZjUI1Yi0z/Gq1py43oNJivAIIDSyJiOZLfYCRQEgn8HEVAj++PcRe8AnL2XF0fRJ3BTnA==",
      "extraneous": true,
      "dependencies": {
        "color-name": "^1.0.0"
      },
      "devDependencies": {
        "tape": "^4.7.0"
      }
    },
    "ode_modules/lodash-es": {
      "version": "4.17.21",
      "resolved": "https://registry.npmjs.org/lodash-es/-/lodash-es-4.17.21.tgz",
      "integrity": "sha512-mKnC+QJ9pWVzv+C4/U3rRsHapFfHvQFoFB92e52xeyGMcX6/OlIl78je1u8vePzYZSkkogMPJ2yjxxsb89cxyw==",
      "extraneous": true
    },
    "ode_modules/vanilla-colorful": {
      "version": "0.7.2",
      "resolved": "https://registry.npmjs.org/vanilla-colorful/-/vanilla-colorful-0.7.2.tgz",
      "integrity": "sha512-z2YZusTFC6KnLERx1cgoIRX2CjPRP0W75N+3CC6gbvdX5Ch47rZkEMGO2Xnf+IEmi3RiFLxS18gayMA27iU7Kg==",
      "extraneous": true,
      "devDependencies": {
        "@custom-elements-manifest/analyzer": "^0.6.4",
        "@esm-bundle/chai": "^4.3.4",
        "@open-wc/testing-helpers": "~2.1.3",
        "@rollup/plugin-node-resolve": "^13.3.0",
        "@size-limit/preset-small-lib": "^8.1.0",
        "@types/sinon": "^10.0.13",
        "@typescript-eslint/eslint-plugin": "^5.40.1",
        "@typescript-eslint/parser": "^5.40.1",
        "@web/dev-server": "^0.1.35",
        "@web/dev-server-esbuild": "^0.3.3",
        "@web/rollup-plugin-html": "^1.11.0",
        "@web/test-runner": "^0.15.0",
        "@web/test-runner-commands": "^0.6.5",
        "@web/test-runner-visual-regression": "^0.7.0",
        "csso": "^5.0.5",
        "eslint": "^8.26.0",
        "eslint-config-prettier": "^8.5.0",
        "eslint-plugin-prettier": "^4.2.1",
        "gh-pages": "^4.0.0",
        "glob": "^8.0.3",
        "lint-staged": "^13.0.3",
        "lit-html": "^2.4.0",
        "prettier": "^2.7.1",
        "prettier-plugin-package": "^1.3.0",
        "rimraf": "^3.0.2",
        "rollup": "^2.77.2",
        "rollup-plugin-terser": "^7.0.2",
        "simple-git-hooks": "^2.8.1",
        "sinon": "^14.0.1",
        "size-limit": "^8.1.0",
        "standard-version": "^9.5.0",
        "throttle-debounce": "^5.0.0",
        "tsc-watch": "^5.0.3",
        "typescript": "^4.8.4"
      }
    }
  }
}
